
Microsoft Visual Studio Solution File, Format Version 12.00
Project("{FAE04EC0-301F-11D3-BF4B-00C04F79EFBC}") = "ModUwUs", "ModUwUs\ModUwUs.csproj", "{DD63797B-E33F-43C6-8DF2-3443CE2BCC75}"
EndProject
Project("{FAE04EC0-301F-11D3-BF4B-00C04F79EFBC}") = "ModUwUs.Demo", "ModUwUs.Demo\ModUwUs.Demo.csproj", "{043A0A9A-63A4-46D1-AC43-27046C47B617}"
EndProject
Global
	GlobalSection(SolutionConfigurationPlatforms) = preSolution
		Debug|Any CPU = Debug|Any CPU
		Release|Any CPU = Release|Any CPU
	EndGlobalSection
	GlobalSection(ProjectConfigurationPlatforms) = postSolution
		{DD63797B-E33F-43C6-8DF2-3443CE2BCC75}.Debug|Any CPU.ActiveCfg = Debug|Any CPU
		{DD63797B-E33F-43C6-8DF2-3443CE2BCC75}.Debug|Any CPU.Build.0 = Debug|Any CPU
		{DD63797B-E33F-43C6-8DF2-3443CE2BCC75}.Release|Any CPU.ActiveCfg = Release|Any CPU
		{DD63797B-E33F-43C6-8DF2-3443CE2BCC75}.Release|Any CPU.Build.0 = Release|Any CPU
		{043A0A9A-63A4-46D1-AC43-27046C47B617}.Debug|Any CPU.ActiveCfg = Debug|Any CPU
		{043A0A9A-63A4-46D1-AC43-27046C47B617}.Debug|Any CPU.Build.0 = Debug|Any CPU
		{043A0A9A-63A4-46D1-AC43-27046C47B617}.Release|Any CPU.ActiveCfg = Release|Any CPU
		{043A0A9A-63A4-46D1-AC43-27046C47B617}.Release|Any CPU.Build.0 = Release|Any CPU
	EndGlobalSection
EndGlobal
